{
  "name": "requiretoimports",
  "version": "1.0.0",
  "lockfileVersion": 1,
  "requires": true,
  "dependencies": {
    "commander": {
      "version": "2.20.0",
      "resolved": "https://registry.npmjs.org/commander/-/commander-2.20.0.tgz",
      "integrity": "sha512-7j2y+40w61zy6YC2iRNpUe/NwhNyoXrYpHMrSunaMG64nRnaf96zO/KMQR4OyN/UnE5KLyEBnKHd4aG3rskjpQ=="
    },
    "javascript-compiling-tokenizer": {
      "version": "2.6.6",
      "resolved": "https://registry.npmjs.org/javascript-compiling-tokenizer/-/javascript-compiling-tokenizer-2.6.6.tgz",
      "integrity": "sha512-Yvrt3JiJ3CzWw9a6OGFHZc+AZSUrFU2Semb149nYZxbN58R1wTwnQW3Vmtfjg+hv/sC6MfSaxM3Cmq5lRdMJHg==",
      "requires": {
        "underscore": "^1.9.1"
      }
    },
    "underscore": {
      "version": "1.9.1",
      "resolved": "https://registry.npmjs.org/underscore/-/underscore-1.9.1.tgz",
      "integrity": "sha512-5/4etnCkd9c8gwgowi5/om/mYO5ajCaOgdzj/oW+0eQV9WxKBDZw5+ycmKmeaTXjInS/W0BzpGLo2xR2aBwZdg=="
    }
  }
}
